// !$*UTF8*$!
{
	archiveVersion = 1;
	classes = {
	};
	objectVersion = 48;
	objects = {

/* Begin PBXBuildFile section */
		6A520ADB1831906E0BCC284C /* Pods_Example.framework in Frameworks */ = {isa = PBXBuildFile; fileRef = 497271B10CB7AAE70BBDEAF0 /* Pods_Example.framework */; };
		DAFFD63A2229C28C00A1219E /* Array+Extensions.swift in Sources */ = {isa = PBXBuildFile; fileRef = DAFFD61E2229C28C00A1219E /* Array+Extensions.swift */; };
		DAFFD63B2229C28C00A1219E /* ASCollectionSectionedDataSource.swift in Sources */ = {isa = PBXBuildFile; fileRef = DAFFD6202229C28C00A1219E /* ASCollectionSectionedDataSource.swift */; };
		DAFFD63C2229C28C00A1219E /* RxASCollectionAnimatedDataSource.swift in Sources */ = {isa = PBXBuildFile; fileRef = DAFFD6212229C28C00A1219E /* RxASCollectionAnimatedDataSource.swift */; };
		DAFFD63D2229C28C00A1219E /* ASCollectionNode+SectionViewType.swift in Sources */ = {isa = PBXBuildFile; fileRef = DAFFD6222229C28C00A1219E /* ASCollectionNode+SectionViewType.swift */; };
		DAFFD63E2229C28C00A1219E /* ASCollectionNode+rx.swift in Sources */ = {isa = PBXBuildFile; fileRef = DAFFD6232229C28C00A1219E /* ASCollectionNode+rx.swift */; };
		DAFFD63F2229C28C00A1219E /* RxASCollectionDataSourceType.swift in Sources */ = {isa = PBXBuildFile; fileRef = DAFFD6242229C28C00A1219E /* RxASCollectionDataSourceType.swift */; };
		DAFFD6402229C28C00A1219E /* RxASCollectionReloadDataSource.swift in Sources */ = {isa = PBXBuildFile; fileRef = DAFFD6252229C28C00A1219E /* RxASCollectionReloadDataSource.swift */; };
		DAFFD6412229C28C00A1219E /* SectionedNodeType+BatchUpdate.swift in Sources */ = {isa = PBXBuildFile; fileRef = DAFFD6262229C28C00A1219E /* SectionedNodeType+BatchUpdate.swift */; };
		DAFFD6422229C28C00A1219E /* ASTableNode+SectionedViewType.swift in Sources */ = {isa = PBXBuildFile; fileRef = DAFFD6282229C28C00A1219E /* ASTableNode+SectionedViewType.swift */; };
		DAFFD6432229C28C00A1219E /* RxASTableDataSourceType.swift in Sources */ = {isa = PBXBuildFile; fileRef = DAFFD6292229C28C00A1219E /* RxASTableDataSourceType.swift */; };
		DAFFD6442229C28C00A1219E /* RxASTableReloadDataSource.swift in Sources */ = {isa = PBXBuildFile; fileRef = DAFFD62A2229C28C00A1219E /* RxASTableReloadDataSource.swift */; };
		DAFFD6452229C28C00A1219E /* RxASTableAnimatedDataSource.swift in Sources */ = {isa = PBXBuildFile; fileRef = DAFFD62B2229C28C00A1219E /* RxASTableAnimatedDataSource.swift */; };
		DAFFD6462229C28C00A1219E /* ASTableSectionedDataSource.swift in Sources */ = {isa = PBXBuildFile; fileRef = DAFFD62C2229C28C00A1219E /* ASTableSectionedDataSource.swift */; };
		DAFFD6472229C28C00A1219E /* ASTableNode+Rx.swift in Sources */ = {isa = PBXBuildFile; fileRef = DAFFD62D2229C28C00A1219E /* ASTableNode+Rx.swift */; };
		DAFFD6482229C28C00A1219E /* RxHelpers.swift in Sources */ = {isa = PBXBuildFile; fileRef = DAFFD62F2229C28C00A1219E /* RxHelpers.swift */; };
		DAFFD6492229C28C00A1219E /* ASDelegateProxy.swift in Sources */ = {isa = PBXBuildFile; fileRef = DAFFD6302229C28C00A1219E /* ASDelegateProxy.swift */; };
		DAFFD64A2229C28C00A1219E /* AnimationTransition.swift in Sources */ = {isa = PBXBuildFile; fileRef = DAFFD6312229C28C00A1219E /* AnimationTransition.swift */; };
		DAFFD64B2229C28C00A1219E /* RxASCollectionDataSourceProxy.swift in Sources */ = {isa = PBXBuildFile; fileRef = DAFFD6332229C28C00A1219E /* RxASCollectionDataSourceProxy.swift */; };
		DAFFD64C2229C28C00A1219E /* RxASTableDataSourceProxy.swift in Sources */ = {isa = PBXBuildFile; fileRef = DAFFD6342229C28C00A1219E /* RxASTableDataSourceProxy.swift */; };
		DAFFD64D2229C28C00A1219E /* RxASCollectionDelegateProxy.swift in Sources */ = {isa = PBXBuildFile; fileRef = DAFFD6352229C28C00A1219E /* RxASCollectionDelegateProxy.swift */; };
		DAFFD64E2229C28C00A1219E /* RxASTableDelegateProxy.swift in Sources */ = {isa = PBXBuildFile; fileRef = DAFFD6362229C28C00A1219E /* RxASTableDelegateProxy.swift */; };
		DAFFDC512229C68300A1219E /* ViewController.swift in Sources */ = {isa = PBXBuildFile; fileRef = DAFFDC492229C68300A1219E /* ViewController.swift */; };
		DAFFDC522229C68300A1219E /* Assets.xcassets in Resources */ = {isa = PBXBuildFile; fileRef = DAFFDC4A2229C68300A1219E /* Assets.xcassets */; };
		DAFFDC532229C68300A1219E /* LaunchScreen.storyboard in Resources */ = {isa = PBXBuildFile; fileRef = DAFFDC4B2229C68300A1219E /* LaunchScreen.storyboard */; };
		DAFFDC542229C68300A1219E /* Main.storyboard in Resources */ = {isa = PBXBuildFile; fileRef = DAFFDC4D2229C68300A1219E /* Main.storyboard */; };
		DAFFDC552229C68300A1219E /* AppDelegate.swift in Sources */ = {isa = PBXBuildFile; fileRef = DAFFDC4F2229C68300A1219E /* AppDelegate.swift */; };
/* End PBXBuildFile section */

/* Begin PBXFileReference section */
		1D239F80A6333F998A90AF83 /* Pods-Example.release.xcconfig */ = {isa = PBXFileReference; includeInIndex = 1; lastKnownFileType = text.xcconfig; name = "Pods-Example.release.xcconfig"; path = "Pods/Target Support Files/Pods-Example/Pods-Example.release.xcconfig"; sourceTree = "<group>"; };
		342A8012D316E430EE7D864E /* Pods-Example.debug.xcconfig */ = {isa = PBXFileReference; includeInIndex = 1; lastKnownFileType = text.xcconfig; name = "Pods-Example.debug.xcconfig"; path = "Pods/Target Support Files/Pods-Example/Pods-Example.debug.xcconfig"; sourceTree = "<group>"; };
		497271B10CB7AAE70BBDEAF0 /* Pods_Example.framework */ = {isa = PBXFileReference; explicitFileType = wrapper.framework; includeInIndex = 0; path = Pods_Example.framework; sourceTree = BUILT_PRODUCTS_DIR; };
		574265681F6424BE0059BD8F /* Differentiator.framework */ = {isa = PBXFileReference; lastKnownFileType = wrapper.framework; name = Differentiator.framework; path = "../../../../Users/sondt/Library/Developer/Xcode/DerivedData/RxTextureDataSources-hjacuybyhkyzareukzfcxgvmvvmv/Build/Products/Debug-iphonesimulator/Differentiator.framework"; sourceTree = "<group>"; };
		57826BA71F29491800FB0414 /* Example.app */ = {isa = PBXFileReference; explicitFileType = wrapper.application; includeInIndex = 0; path = Example.app; sourceTree = BUILT_PRODUCTS_DIR; };
		57826BD41F29505000FB0414 /* RxCocoa.framework */ = {isa = PBXFileReference; lastKnownFileType = wrapper.framework; name = RxCocoa.framework; path = "Carthage/Checkouts/RxSwift/build/Debug-iphoneos/RxCocoa.framework"; sourceTree = "<group>"; };
		57826BD61F29505800FB0414 /* RxSwift.framework */ = {isa = PBXFileReference; lastKnownFileType = wrapper.framework; name = RxSwift.framework; path = "Carthage/Checkouts/RxSwift/build/Debug-iphoneos/RxSwift.framework"; sourceTree = "<group>"; };
		57826BD81F29506000FB0414 /* RxDataSources.framework */ = {isa = PBXFileReference; lastKnownFileType = wrapper.framework; name = RxDataSources.framework; path = "Carthage/Checkouts/RxDataSources/build/Debug-iphoneos/RxDataSources.framework"; sourceTree = "<group>"; };
		57826BDC1F29509700FB0414 /* RxCocoa.framework */ = {isa = PBXFileReference; lastKnownFileType = wrapper.framework; name = RxCocoa.framework; path = "Carthage/Checkouts/RxSwift/build/Debug-iphoneos/RxCocoa.framework"; sourceTree = "<group>"; };
		57E563031F28FEB3002E825B /* AsyncDisplayKit.framework */ = {isa = PBXFileReference; lastKnownFileType = wrapper.framework; name = AsyncDisplayKit.framework; path = "../../../../Users/sondt/Library/Developer/Xcode/DerivedData/RxTextureDataSources-hjacuybyhkyzareukzfcxgvmvvmv/Build/Products/Debug-iphonesimulator/AsyncDisplayKit.framework"; sourceTree = "<group>"; };
		57E563051F28FEBD002E825B /* RxSwift.framework */ = {isa = PBXFileReference; lastKnownFileType = wrapper.framework; name = RxSwift.framework; path = "../../../../Users/sondt/Library/Developer/Xcode/DerivedData/RxTextureDataSources-hjacuybyhkyzareukzfcxgvmvvmv/Build/Products/Debug-iphonesimulator/RxSwift.framework"; sourceTree = "<group>"; };
		57E563071F28FEC4002E825B /* RxCocoa.framework */ = {isa = PBXFileReference; lastKnownFileType = wrapper.framework; name = RxCocoa.framework; path = "../../../../Users/sondt/Library/Developer/Xcode/DerivedData/RxTextureDataSources-hjacuybyhkyzareukzfcxgvmvvmv/Build/Products/Debug-iphonesimulator/RxCocoa.framework"; sourceTree = "<group>"; };
		57E563091F28FECF002E825B /* RxDataSources.framework */ = {isa = PBXFileReference; lastKnownFileType = wrapper.framework; name = RxDataSources.framework; path = "../../../../Users/sondt/Library/Developer/Xcode/DerivedData/RxTextureDataSources-hjacuybyhkyzareukzfcxgvmvvmv/Build/Products/Debug-iphonesimulator/RxDataSources.framework"; sourceTree = "<group>"; };
		5D6F346FB9800367EA3FFEA5 /* Pods_RxTextureDataSources_iOS.framework */ = {isa = PBXFileReference; explicitFileType = wrapper.framework; includeInIndex = 0; path = Pods_RxTextureDataSources_iOS.framework; sourceTree = BUILT_PRODUCTS_DIR; };
		DAFFD61E2229C28C00A1219E /* Array+Extensions.swift */ = {isa = PBXFileReference; fileEncoding = 4; lastKnownFileType = sourcecode.swift; path = "Array+Extensions.swift"; sourceTree = "<group>"; };
		DAFFD6202229C28C00A1219E /* ASCollectionSectionedDataSource.swift */ = {isa = PBXFileReference; fileEncoding = 4; lastKnownFileType = sourcecode.swift; path = ASCollectionSectionedDataSource.swift; sourceTree = "<group>"; };
		DAFFD6212229C28C00A1219E /* RxASCollectionAnimatedDataSource.swift */ = {isa = PBXFileReference; fileEncoding = 4; lastKnownFileType = sourcecode.swift; path = RxASCollectionAnimatedDataSource.swift; sourceTree = "<group>"; };
		DAFFD6222229C28C00A1219E /* ASCollectionNode+SectionViewType.swift */ = {isa = PBXFileReference; fileEncoding = 4; lastKnownFileType = sourcecode.swift; path = "ASCollectionNode+SectionViewType.swift"; sourceTree = "<group>"; };
		DAFFD6232229C28C00A1219E /* ASCollectionNode+rx.swift */ = {isa = PBXFileReference; fileEncoding = 4; lastKnownFileType = sourcecode.swift; path = "ASCollectionNode+rx.swift"; sourceTree = "<group>"; };
		DAFFD6242229C28C00A1219E /* RxASCollectionDataSourceType.swift */ = {isa = PBXFileReference; fileEncoding = 4; lastKnownFileType = sourcecode.swift; path = RxASCollectionDataSourceType.swift; sourceTree = "<group>"; };
		DAFFD6252229C28C00A1219E /* RxASCollectionReloadDataSource.swift */ = {isa = PBXFileReference; fileEncoding = 4; lastKnownFileType = sourcecode.swift; path = RxASCollectionReloadDataSource.swift; sourceTree = "<group>"; };
		DAFFD6262229C28C00A1219E /* SectionedNodeType+BatchUpdate.swift */ = {isa = PBXFileReference; fileEncoding = 4; lastKnownFileType = sourcecode.swift; path = "SectionedNodeType+BatchUpdate.swift"; sourceTree = "<group>"; };
		DAFFD6282229C28C00A1219E /* ASTableNode+SectionedViewType.swift */ = {isa = PBXFileReference; fileEncoding = 4; lastKnownFileType = sourcecode.swift; path = "ASTableNode+SectionedViewType.swift"; sourceTree = "<group>"; };
		DAFFD6292229C28C00A1219E /* RxASTableDataSourceType.swift */ = {isa = PBXFileReference; fileEncoding = 4; lastKnownFileType = sourcecode.swift; path = RxASTableDataSourceType.swift; sourceTree = "<group>"; };
		DAFFD62A2229C28C00A1219E /* RxASTableReloadDataSource.swift */ = {isa = PBXFileReference; fileEncoding = 4; lastKnownFileType = sourcecode.swift; path = RxASTableReloadDataSource.swift; sourceTree = "<group>"; };
		DAFFD62B2229C28C00A1219E /* RxASTableAnimatedDataSource.swift */ = {isa = PBXFileReference; fileEncoding = 4; lastKnownFileType = sourcecode.swift; path = RxASTableAnimatedDataSource.swift; sourceTree = "<group>"; };
		DAFFD62C2229C28C00A1219E /* ASTableSectionedDataSource.swift */ = {isa = PBXFileReference; fileEncoding = 4; lastKnownFileType = sourcecode.swift; path = ASTableSectionedDataSource.swift; sourceTree = "<group>"; };
		DAFFD62D2229C28C00A1219E /* ASTableNode+Rx.swift */ = {isa = PBXFileReference; fileEncoding = 4; lastKnownFileType = sourcecode.swift; path = "ASTableNode+Rx.swift"; sourceTree = "<group>"; };
		DAFFD62F2229C28C00A1219E /* RxHelpers.swift */ = {isa = PBXFileReference; fileEncoding = 4; lastKnownFileType = sourcecode.swift; path = RxHelpers.swift; sourceTree = "<group>"; };
		DAFFD6302229C28C00A1219E /* ASDelegateProxy.swift */ = {isa = PBXFileReference; fileEncoding = 4; lastKnownFileType = sourcecode.swift; path = ASDelegateProxy.swift; sourceTree = "<group>"; };
		DAFFD6312229C28C00A1219E /* AnimationTransition.swift */ = {isa = PBXFileReference; fileEncoding = 4; lastKnownFileType = sourcecode.swift; path = AnimationTransition.swift; sourceTree = "<group>"; };
		DAFFD6332229C28C00A1219E /* RxASCollectionDataSourceProxy.swift */ = {isa = PBXFileReference; fileEncoding = 4; lastKnownFileType = sourcecode.swift; path = RxASCollectionDataSourceProxy.swift; sourceTree = "<group>"; };
		DAFFD6342229C28C00A1219E /* RxASTableDataSourceProxy.swift */ = {isa = PBXFileReference; fileEncoding = 4; lastKnownFileType = sourcecode.swift; path = RxASTableDataSourceProxy.swift; sourceTree = "<group>"; };
		DAFFD6352229C28C00A1219E /* RxASCollectionDelegateProxy.swift */ = {isa = PBXFileReference; fileEncoding = 4; lastKnownFileType = sourcecode.swift; path = RxASCollectionDelegateProxy.swift; sourceTree = "<group>"; };
		DAFFD6362229C28C00A1219E /* RxASTableDelegateProxy.swift */ = {isa = PBXFileReference; fileEncoding = 4; lastKnownFileType = sourcecode.swift; path = RxASTableDelegateProxy.swift; sourceTree = "<group>"; };
		DAFFDC492229C68300A1219E /* ViewController.swift */ = {isa = PBXFileReference; fileEncoding = 4; lastKnownFileType = sourcecode.swift; path = ViewController.swift; sourceTree = "<group>"; };
		DAFFDC4A2229C68300A1219E /* Assets.xcassets */ = {isa = PBXFileReference; lastKnownFileType = folder.assetcatalog; path = Assets.xcassets; sourceTree = "<group>"; };
		DAFFDC4C2229C68300A1219E /* Base */ = {isa = PBXFileReference; lastKnownFileType = file.storyboard; name = Base; path = Base.lproj/LaunchScreen.storyboard; sourceTree = "<group>"; };
		DAFFDC4E2229C68300A1219E /* Base */ = {isa = PBXFileReference; lastKnownFileType = file.storyboard; name = Base; path = Base.lproj/Main.storyboard; sourceTree = "<group>"; };
		DAFFDC4F2229C68300A1219E /* AppDelegate.swift */ = {isa = PBXFileReference; fileEncoding = 4; lastKnownFileType = sourcecode.swift; path = AppDelegate.swift; sourceTree = "<group>"; };
		DAFFDC502229C68300A1219E /* Info.plist */ = {isa = PBXFileReference; fileEncoding = 4; lastKnownFileType = text.plist.xml; path = Info.plist; sourceTree = "<group>"; };
/* End PBXFileReference section */

/* Begin PBXFrameworksBuildPhase section */
		57826BA41F29491800FB0414 /* Frameworks */ = {
			isa = PBXFrameworksBuildPhase;
			buildActionMask = 2147483647;
			files = (
				6A520ADB1831906E0BCC284C /* Pods_Example.framework in Frameworks */,
			);
			runOnlyForDeploymentPostprocessing = 0;
		};
/* End PBXFrameworksBuildPhase section */

/* Begin PBXGroup section */
		3549BAFB1DA387DB00C63030 = {
			isa = PBXGroup;
			children = (
				DAFFDC482229C68300A1219E /* Example */,
				DAFFD61C2229C28C00A1219E /* Sources */,
				3549BB061DA387DB00C63030 /* Products */,
				357D954B1DA3F2B400AEC55F /* Frameworks */,
				D40F7CFCBA999EA39095FA9A /* Pods */,
			);
			sourceTree = "<group>";
		};
		3549BB061DA387DB00C63030 /* Products */ = {
			isa = PBXGroup;
			children = (
				57826BA71F29491800FB0414 /* Example.app */,
			);
			name = Products;
			sourceTree = "<group>";
		};
		357D954B1DA3F2B400AEC55F /* Frameworks */ = {
			isa = PBXGroup;
			children = (
				574265681F6424BE0059BD8F /* Differentiator.framework */,
				57826BDC1F29509700FB0414 /* RxCocoa.framework */,
				57826BD81F29506000FB0414 /* RxDataSources.framework */,
				57826BD61F29505800FB0414 /* RxSwift.framework */,
				57826BD41F29505000FB0414 /* RxCocoa.framework */,
				57E563091F28FECF002E825B /* RxDataSources.framework */,
				57E563071F28FEC4002E825B /* RxCocoa.framework */,
				57E563051F28FEBD002E825B /* RxSwift.framework */,
				57E563031F28FEB3002E825B /* AsyncDisplayKit.framework */,
				497271B10CB7AAE70BBDEAF0 /* Pods_Example.framework */,
				5D6F346FB9800367EA3FFEA5 /* Pods_RxTextureDataSources_iOS.framework */,
			);
			name = Frameworks;
			sourceTree = "<group>";
		};
		D40F7CFCBA999EA39095FA9A /* Pods */ = {
			isa = PBXGroup;
			children = (
				342A8012D316E430EE7D864E /* Pods-Example.debug.xcconfig */,
				1D239F80A6333F998A90AF83 /* Pods-Example.release.xcconfig */,
			);
			name = Pods;
			sourceTree = "<group>";
		};
		DAFFD61C2229C28C00A1219E /* Sources */ = {
			isa = PBXGroup;
			children = (
				DAFFD61D2229C28C00A1219E /* DataSources */,
			);
			name = Sources;
			path = ../Sources;
			sourceTree = "<group>";
		};
		DAFFD61D2229C28C00A1219E /* DataSources */ = {
			isa = PBXGroup;
			children = (
				DAFFD61E2229C28C00A1219E /* Array+Extensions.swift */,
				DAFFD61F2229C28C00A1219E /* ASCollectionNode+Rx */,
				DAFFD6262229C28C00A1219E /* SectionedNodeType+BatchUpdate.swift */,
				DAFFD6272229C28C00A1219E /* ASTableNode+Rx */,
				DAFFD62E2229C28C00A1219E /* RxHelper */,
				DAFFD6312229C28C00A1219E /* AnimationTransition.swift */,
				DAFFD6322229C28C00A1219E /* RxProxies */,
			);
			path = DataSources;
			sourceTree = "<group>";
		};
		DAFFD61F2229C28C00A1219E /* ASCollectionNode+Rx */ = {
			isa = PBXGroup;
			children = (
				DAFFD6202229C28C00A1219E /* ASCollectionSectionedDataSource.swift */,
				DAFFD6212229C28C00A1219E /* RxASCollectionAnimatedDataSource.swift */,
				DAFFD6222229C28C00A1219E /* ASCollectionNode+SectionViewType.swift */,
				DAFFD6232229C28C00A1219E /* ASCollectionNode+rx.swift */,
				DAFFD6242229C28C00A1219E /* RxASCollectionDataSourceType.swift */,
				DAFFD6252229C28C00A1219E /* RxASCollectionReloadDataSource.swift */,
			);
			path = "ASCollectionNode+Rx";
			sourceTree = "<group>";
		};
		DAFFD6272229C28C00A1219E /* ASTableNode+Rx */ = {
			isa = PBXGroup;
			children = (
				DAFFD6282229C28C00A1219E /* ASTableNode+SectionedViewType.swift */,
				DAFFD6292229C28C00A1219E /* RxASTableDataSourceType.swift */,
				DAFFD62A2229C28C00A1219E /* RxASTableReloadDataSource.swift */,
				DAFFD62B2229C28C00A1219E /* RxASTableAnimatedDataSource.swift */,
				DAFFD62C2229C28C00A1219E /* ASTableSectionedDataSource.swift */,
				DAFFD62D2229C28C00A1219E /* ASTableNode+Rx.swift */,
			);
			path = "ASTableNode+Rx";
			sourceTree = "<group>";
		};
		DAFFD62E2229C28C00A1219E /* RxHelper */ = {
			isa = PBXGroup;
			children = (
				DAFFD62F2229C28C00A1219E /* RxHelpers.swift */,
				DAFFD6302229C28C00A1219E /* ASDelegateProxy.swift */,
			);
			path = RxHelper;
			sourceTree = "<group>";
		};
		DAFFD6322229C28C00A1219E /* RxProxies */ = {
			isa = PBXGroup;
			children = (
				DAFFD6332229C28C00A1219E /* RxASCollectionDataSourceProxy.swift */,
				DAFFD6342229C28C00A1219E /* RxASTableDataSourceProxy.swift */,
				DAFFD6352229C28C00A1219E /* RxASCollectionDelegateProxy.swift */,
				DAFFD6362229C28C00A1219E /* RxASTableDelegateProxy.swift */,
			);
			path = RxProxies;
			sourceTree = "<group>";
		};
		DAFFDC482229C68300A1219E /* Example */ = {
			isa = PBXGroup;
			children = (
				DAFFDC492229C68300A1219E /* ViewController.swift */,
				DAFFDC4A2229C68300A1219E /* Assets.xcassets */,
				DAFFDC4B2229C68300A1219E /* LaunchScreen.storyboard */,
				DAFFDC4D2229C68300A1219E /* Main.storyboard */,
				DAFFDC4F2229C68300A1219E /* AppDelegate.swift */,
				DAFFDC502229C68300A1219E /* Info.plist */,
			);
			path = Example;
			sourceTree = "<group>";
		};
/* End PBXGroup section */

/* Begin PBXNativeTarget section */
		57826BA61F29491800FB0414 /* Example */ = {
			isa = PBXNativeTarget;
			buildConfigurationList = 57826BB61F29491800FB0414 /* Build configuration list for PBXNativeTarget "Example" */;
			buildPhases = (
				DAF660CD4A78B5AD6D0C8067 /* [CP] Check Pods Manifest.lock */,
				57826BA31F29491800FB0414 /* Sources */,
				57826BA41F29491800FB0414 /* Frameworks */,
				57826BA51F29491800FB0414 /* Resources */,
				F287AD5C5D01FE15DAF7988F /* [CP] Embed Pods Frameworks */,
			);
			buildRules = (
			);
			dependencies = (
			);
			name = Example;
			productName = Example;
			productReference = 57826BA71F29491800FB0414 /* Example.app */;
			productType = "com.apple.product-type.application";
		};
/* End PBXNativeTarget section */

/* Begin PBXProject section */
		3549BAFC1DA387DB00C63030 /* Project object */ = {
			isa = PBXProject;
			attributes = {
				LastSwiftUpdateCheck = 0830;
				LastUpgradeCheck = 0920;
				ORGANIZATIONNAME = RxSwiftCommunity;
				TargetAttributes = {
					57826BA61F29491800FB0414 = {
						CreatedOnToolsVersion = 8.3.2;
						LastSwiftMigration = 1010;
						ProvisioningStyle = Automatic;
					};
				};
			};
			buildConfigurationList = 3549BAFF1DA387DB00C63030 /* Build configuration list for PBXProject "RxASDataSources" */;
			compatibilityVersion = "Xcode 8.0";
			developmentRegion = English;
			hasScannedForEncodings = 0;
			knownRegions = (
				en,
				Base,
			);
			mainGroup = 3549BAFB1DA387DB00C63030;
			productRefGroup = 3549BB061DA387DB00C63030 /* Products */;
			projectDirPath = "";
			projectRoot = "";
			targets = (
				57826BA61F29491800FB0414 /* Example */,
			);
		};
/* End PBXProject section */

/* Begin PBXResourcesBuildPhase section */
		57826BA51F29491800FB0414 /* Resources */ = {
			isa = PBXResourcesBuildPhase;
			buildActionMask = 2147483647;
			files = (
				DAFFDC542229C68300A1219E /* Main.storyboard in Resources */,
				DAFFDC522229C68300A1219E /* Assets.xcassets in Resources */,
				DAFFDC532229C68300A1219E /* LaunchScreen.storyboard in Resources */,
			);
			runOnlyForDeploymentPostprocessing = 0;
		};
/* End PBXResourcesBuildPhase section */

/* Begin PBXShellScriptBuildPhase section */
		DAF660CD4A78B5AD6D0C8067 /* [CP] Check Pods Manifest.lock */ = {
			isa = PBXShellScriptBuildPhase;
			buildActionMask = 2147483647;
			files = (
			);
			inputPaths = (
				"${PODS_PODFILE_DIR_PATH}/Podfile.lock",
				"${PODS_ROOT}/Manifest.lock",
			);
			name = "[CP] Check Pods Manifest.lock";
			outputPaths = (
				"$(DERIVED_FILE_DIR)/Pods-Example-checkManifestLockResult.txt",
			);
			runOnlyForDeploymentPostprocessing = 0;
			shellPath = /bin/sh;
			shellScript = "diff \"${PODS_PODFILE_DIR_PATH}/Podfile.lock\" \"${PODS_ROOT}/Manifest.lock\" > /dev/null\nif [ $? != 0 ] ; then\n    # print error to STDERR\n    echo \"error: The sandbox is not in sync with the Podfile.lock. Run 'pod install' or update your CocoaPods installation.\" >&2\n    exit 1\nfi\n# This output is used by Xcode 'outputs' to avoid re-running this script phase.\necho \"SUCCESS\" > \"${SCRIPT_OUTPUT_FILE_0}\"\n";
			showEnvVarsInLog = 0;
		};
		F287AD5C5D01FE15DAF7988F /* [CP] Embed Pods Frameworks */ = {
			isa = PBXShellScriptBuildPhase;
			buildActionMask = 2147483647;
			files = (
			);
			inputPaths = (
				"${SRCROOT}/Pods/Target Support Files/Pods-Example/Pods-Example-frameworks.sh",
				"${BUILT_PRODUCTS_DIR}/Differentiator/Differentiator.framework",
				"${BUILT_PRODUCTS_DIR}/PINCache/PINCache.framework",
				"${BUILT_PRODUCTS_DIR}/PINOperation/PINOperation.framework",
				"${BUILT_PRODUCTS_DIR}/PINRemoteImage/PINRemoteImage.framework",
				"${BUILT_PRODUCTS_DIR}/RxASDataSources/RxASDataSources.framework",
				"${BUILT_PRODUCTS_DIR}/RxCocoa/RxCocoa.framework",
				"${BUILT_PRODUCTS_DIR}/RxSwift/RxSwift.framework",
				"${BUILT_PRODUCTS_DIR}/Texture/AsyncDisplayKit.framework",
			);
			name = "[CP] Embed Pods Frameworks";
			outputPaths = (
				"${TARGET_BUILD_DIR}/${FRAMEWORKS_FOLDER_PATH}/Differentiator.framework",
				"${TARGET_BUILD_DIR}/${FRAMEWORKS_FOLDER_PATH}/PINCache.framework",
				"${TARGET_BUILD_DIR}/${FRAMEWORKS_FOLDER_PATH}/PINOperation.framework",
				"${TARGET_BUILD_DIR}/${FRAMEWORKS_FOLDER_PATH}/PINRemoteImage.framework",
				"${TARGET_BUILD_DIR}/${FRAMEWORKS_FOLDER_PATH}/RxASDataSources.framework",
				"${TARGET_BUILD_DIR}/${FRAMEWORKS_FOLDER_PATH}/RxCocoa.framework",
				"${TARGET_BUILD_DIR}/${FRAMEWORKS_FOLDER_PATH}/RxSwift.framework",
				"${TARGET_BUILD_DIR}/${FRAMEWORKS_FOLDER_PATH}/AsyncDisplayKit.framework",
			);
			runOnlyForDeploymentPostprocessing = 0;
			shellPath = /bin/sh;
			shellScript = "\"${SRCROOT}/Pods/Target Support Files/Pods-Example/Pods-Example-frameworks.sh\"\n";
			showEnvVarsInLog = 0;
		};
/* End PBXShellScriptBuildPhase section */

/* Begin PBXSourcesBuildPhase section */
		57826BA31F29491800FB0414 /* Sources */ = {
			isa = PBXSourcesBuildPhase;
			buildActionMask = 2147483647;
			files = (
				DAFFD6452229C28C00A1219E /* RxASTableAnimatedDataSource.swift in Sources */,
				DAFFD63C2229C28C00A1219E /* RxASCollectionAnimatedDataSource.swift in Sources */,
				DAFFD6412229C28C00A1219E /* SectionedNodeType+BatchUpdate.swift in Sources */,
				DAFFD6422229C28C00A1219E /* ASTableNode+SectionedViewType.swift in Sources */,
				DAFFDC512229C68300A1219E /* ViewController.swift in Sources */,
				DAFFD6402229C28C00A1219E /* RxASCollectionReloadDataSource.swift in Sources */,
				DAFFD64C2229C28C00A1219E /* RxASTableDataSourceProxy.swift in Sources */,
				DAFFD64A2229C28C00A1219E /* AnimationTransition.swift in Sources */,
				DAFFD64E2229C28C00A1219E /* RxASTableDelegateProxy.swift in Sources */,
				DAFFD6472229C28C00A1219E /* ASTableNode+Rx.swift in Sources */,
				DAFFD63B2229C28C00A1219E /* ASCollectionSectionedDataSource.swift in Sources */,
				DAFFD64B2229C28C00A1219E /* RxASCollectionDataSourceProxy.swift in Sources */,
				DAFFD63A2229C28C00A1219E /* Array+Extensions.swift in Sources */,
				DAFFD6432229C28C00A1219E /* RxASTableDataSourceType.swift in Sources */,
				DAFFD6482229C28C00A1219E /* RxHelpers.swift in Sources */,
				DAFFD6492229C28C00A1219E /* ASDelegateProxy.swift in Sources */,
				DAFFD63F2229C28C00A1219E /* RxASCollectionDataSourceType.swift in Sources */,
				DAFFD6462229C28C00A1219E /* ASTableSectionedDataSource.swift in Sources */,
				DAFFD63D2229C28C00A1219E /* ASCollectionNode+SectionViewType.swift in Sources */,
				DAFFD63E2229C28C00A1219E /* ASCollectionNode+rx.swift in Sources */,
				DAFFD6442229C28C00A1219E /* RxASTableReloadDataSource.swift in Sources */,
				DAFFD64D2229C28C00A1219E /* RxASCollectionDelegateProxy.swift in Sources */,
				DAFFDC552229C68300A1219E /* AppDelegate.swift in Sources */,
			);
			runOnlyForDeploymentPostprocessing = 0;
		};
/* End PBXSourcesBuildPhase section */

/* Begin PBXVariantGroup section */
		DAFFDC4B2229C68300A1219E /* LaunchScreen.storyboard */ = {
			isa = PBXVariantGroup;
			children = (
				DAFFDC4C2229C68300A1219E /* Base */,
			);
			name = LaunchScreen.storyboard;
			sourceTree = "<group>";
		};
		DAFFDC4D2229C68300A1219E /* Main.storyboard */ = {
			isa = PBXVariantGroup;
			children = (
				DAFFDC4E2229C68300A1219E /* Base */,
			);
			name = Main.storyboard;
			sourceTree = "<group>";
		};
/* End PBXVariantGroup section */

/* Begin XCBuildConfiguration section */
		3549BB0B1DA387DB00C63030 /* Debug */ = {
			isa = XCBuildConfiguration;
			buildSettings = {
				ALWAYS_SEARCH_USER_PATHS = NO;
				CLANG_ANALYZER_NONNULL = YES;
				CLANG_CXX_LANGUAGE_STANDARD = "gnu++0x";
				CLANG_CXX_LIBRARY = "libc++";
				CLANG_ENABLE_MODULES = YES;
				CLANG_ENABLE_OBJC_ARC = YES;
				CLANG_WARN_BLOCK_CAPTURE_AUTORELEASING = YES;
				CLANG_WARN_BOOL_CONVERSION = YES;
				CLANG_WARN_COMMA = YES;
				CLANG_WARN_CONSTANT_CONVERSION = YES;
				CLANG_WARN_DIRECT_OBJC_ISA_USAGE = YES_ERROR;
				CLANG_WARN_DOCUMENTATION_COMMENTS = YES;
				CLANG_WARN_EMPTY_BODY = YES;
				CLANG_WARN_ENUM_CONVERSION = YES;
				CLANG_WARN_INFINITE_RECURSION = YES;
				CLANG_WARN_INT_CONVERSION = YES;
				CLANG_WARN_NON_LITERAL_NULL_CONVERSION = YES;
				CLANG_WARN_OBJC_LITERAL_CONVERSION = YES;
				CLANG_WARN_OBJC_ROOT_CLASS = YES_ERROR;
				CLANG_WARN_RANGE_LOOP_ANALYSIS = YES;
				CLANG_WARN_STRICT_PROTOTYPES = YES;
				CLANG_WARN_SUSPICIOUS_MOVE = YES;
				CLANG_WARN_SUSPICIOUS_MOVES = YES;
				CLANG_WARN_UNREACHABLE_CODE = YES;
				CLANG_WARN__DUPLICATE_METHOD_MATCH = YES;
				"CODE_SIGN_IDENTITY[sdk=iphoneos*]" = "iPhone Developer";
				COPY_PHASE_STRIP = NO;
				CURRENT_PROJECT_VERSION = 1;
				DEBUG_INFORMATION_FORMAT = dwarf;
				ENABLE_STRICT_OBJC_MSGSEND = YES;
				ENABLE_TESTABILITY = YES;
				GCC_C_LANGUAGE_STANDARD = gnu99;
				GCC_DYNAMIC_NO_PIC = NO;
				GCC_NO_COMMON_BLOCKS = YES;
				GCC_OPTIMIZATION_LEVEL = 0;
				GCC_PREPROCESSOR_DEFINITIONS = (
					"DEBUG=1",
					"$(inherited)",
				);
				GCC_WARN_64_TO_32_BIT_CONVERSION = YES;
				GCC_WARN_ABOUT_RETURN_TYPE = YES_ERROR;
				GCC_WARN_UNDECLARED_SELECTOR = YES;
				GCC_WARN_UNINITIALIZED_AUTOS = YES_AGGRESSIVE;
				GCC_WARN_UNUSED_FUNCTION = YES;
				GCC_WARN_UNUSED_VARIABLE = YES;
				IPHONEOS_DEPLOYMENT_TARGET = 8.0;
				MTL_ENABLE_DEBUG_INFO = YES;
				ONLY_ACTIVE_ARCH = YES;
				SDKROOT = iphoneos;
				SWIFT_ACTIVE_COMPILATION_CONDITIONS = DEBUG;
				SWIFT_OPTIMIZATION_LEVEL = "-Onone";
				SWIFT_VERSION = 4.2;
				TARGETED_DEVICE_FAMILY = "1,2";
				VERSIONING_SYSTEM = "apple-generic";
				VERSION_INFO_PREFIX = "";
			};
			name = Debug;
		};
		3549BB0C1DA387DB00C63030 /* Release */ = {
			isa = XCBuildConfiguration;
			buildSettings = {
				ALWAYS_SEARCH_USER_PATHS = NO;
				CLANG_ANALYZER_NONNULL = YES;
				CLANG_CXX_LANGUAGE_STANDARD = "gnu++0x";
				CLANG_CXX_LIBRARY = "libc++";
				CLANG_ENABLE_MODULES = YES;
				CLANG_ENABLE_OBJC_ARC = YES;
				CLANG_WARN_BLOCK_CAPTURE_AUTORELEASING = YES;
				CLANG_WARN_BOOL_CONVERSION = YES;
				CLANG_WARN_COMMA = YES;
				CLANG_WARN_CONSTANT_CONVERSION = YES;
				CLANG_WARN_DIRECT_OBJC_ISA_USAGE = YES_ERROR;
				CLANG_WARN_DOCUMENTATION_COMMENTS = YES;
				CLANG_WARN_EMPTY_BODY = YES;
				CLANG_WARN_ENUM_CONVERSION = YES;
				CLANG_WARN_INFINITE_RECURSION = YES;
				CLANG_WARN_INT_CONVERSION = YES;
				CLANG_WARN_NON_LITERAL_NULL_CONVERSION = YES;
				CLANG_WARN_OBJC_LITERAL_CONVERSION = YES;
				CLANG_WARN_OBJC_ROOT_CLASS = YES_ERROR;
				CLANG_WARN_RANGE_LOOP_ANALYSIS = YES;
				CLANG_WARN_STRICT_PROTOTYPES = YES;
				CLANG_WARN_SUSPICIOUS_MOVE = YES;
				CLANG_WARN_SUSPICIOUS_MOVES = YES;
				CLANG_WARN_UNREACHABLE_CODE = YES;
				CLANG_WARN__DUPLICATE_METHOD_MATCH = YES;
				"CODE_SIGN_IDENTITY[sdk=iphoneos*]" = "iPhone Developer";
				COPY_PHASE_STRIP = NO;
				CURRENT_PROJECT_VERSION = 1;
				DEBUG_INFORMATION_FORMAT = "dwarf-with-dsym";
				ENABLE_NS_ASSERTIONS = NO;
				ENABLE_STRICT_OBJC_MSGSEND = YES;
				GCC_C_LANGUAGE_STANDARD = gnu99;
				GCC_NO_COMMON_BLOCKS = YES;
				GCC_WARN_64_TO_32_BIT_CONVERSION = YES;
				GCC_WARN_ABOUT_RETURN_TYPE = YES_ERROR;
				GCC_WARN_UNDECLARED_SELECTOR = YES;
				GCC_WARN_UNINITIALIZED_AUTOS = YES_AGGRESSIVE;
				GCC_WARN_UNUSED_FUNCTION = YES;
				GCC_WARN_UNUSED_VARIABLE = YES;
				IPHONEOS_DEPLOYMENT_TARGET = 8.0;
				MTL_ENABLE_DEBUG_INFO = NO;
				SDKROOT = iphoneos;
				SWIFT_OPTIMIZATION_LEVEL = "-Owholemodule";
				SWIFT_VERSION = 4.2;
				TARGETED_DEVICE_FAMILY = "1,2";
				VALIDATE_PRODUCT = YES;
				VERSIONING_SYSTEM = "apple-generic";
				VERSION_INFO_PREFIX = "";
			};
			name = Release;
		};
		57826BB71F29491800FB0414 /* Debug */ = {
			isa = XCBuildConfiguration;
			baseConfigurationReference = 342A8012D316E430EE7D864E /* Pods-Example.debug.xcconfig */;
			buildSettings = {
				ASSETCATALOG_COMPILER_APPICON_NAME = AppIcon;
				CLANG_ANALYZER_NUMBER_OBJECT_CONVERSION = YES_AGGRESSIVE;
				"CODE_SIGN_IDENTITY[sdk=iphoneos*]" = "iPhone Developer";
				DEVELOPMENT_TEAM = MRS6F96DBN;
				INFOPLIST_FILE = Example/Info.plist;
				IPHONEOS_DEPLOYMENT_TARGET = 8.0;
				LD_RUNPATH_SEARCH_PATHS = "$(inherited) @executable_path/Frameworks";
				PRODUCT_BUNDLE_IDENTIFIER = com.dangthaison91.Example;
				PRODUCT_NAME = "$(TARGET_NAME)";
				PROVISIONING_PROFILE_SPECIFIER = "";
			};
			name = Debug;
		};
		57826BB81F29491800FB0414 /* Release */ = {
			isa = XCBuildConfiguration;
			baseConfigurationReference = 1D239F80A6333F998A90AF83 /* Pods-Example.release.xcconfig */;
			buildSettings = {
				ASSETCATALOG_COMPILER_APPICON_NAME = AppIcon;
				CLANG_ANALYZER_NUMBER_OBJECT_CONVERSION = YES_AGGRESSIVE;
				"CODE_SIGN_IDENTITY[sdk=iphoneos*]" = "iPhone Developer";
				DEVELOPMENT_TEAM = MRS6F96DBN;
				INFOPLIST_FILE = Example/Info.plist;
				IPHONEOS_DEPLOYMENT_TARGET = 8.0;
				LD_RUNPATH_SEARCH_PATHS = "$(inherited) @executable_path/Frameworks";
				PRODUCT_BUNDLE_IDENTIFIER = com.dangthaison91.Example;
				PRODUCT_NAME = "$(TARGET_NAME)";
				PROVISIONING_PROFILE_SPECIFIER = "";
			};
			name = Release;
		};
/* End XCBuildConfiguration section */

/* Begin XCConfigurationList section */
		3549BAFF1DA387DB00C63030 /* Build configuration list for PBXProject "RxASDataSources" */ = {
			isa = XCConfigurationList;
			buildConfigurations = (
				3549BB0B1DA387DB00C63030 /* Debug */,
				3549BB0C1DA387DB00C63030 /* Release */,
			);
			defaultConfigurationIsVisible = 0;
			defaultConfigurationName = Release;
		};
		57826BB61F29491800FB0414 /* Build configuration list for PBXNativeTarget "Example" */ = {
			isa = XCConfigurationList;
			buildConfigurations = (
				57826BB71F29491800FB0414 /* Debug */,
				57826BB81F29491800FB0414 /* Release */,
			);
			defaultConfigurationIsVisible = 0;
			defaultConfigurationName = Release;
		};
/* End XCConfigurationList section */
	};
	rootObject = 3549BAFC1DA387DB00C63030 /* Project object */;
}
